// !$*UTF8*$!
{
	archiveVersion = 1;
	classes = {
	};
	objectVersion = 46;
	objects = {

/* Begin PBXBuildFile section */
		976DF0501E7B34F600240528 /* main.m in Sources */ = {isa = PBXBuildFile; fileRef = 976DF04F1E7B34F600240528 /* main.m */; };
		976DF0581E7B358200240528 /* Pokemon.m in Sources */ = {isa = PBXBuildFile; fileRef = 976DF0571E7B358200240528 /* Pokemon.m */; };
		976DF05B1E7B359200240528 /* Player.m in Sources */ = {isa = PBXBuildFile; fileRef = 976DF05A1E7B359200240528 /* Player.m */; };
		976DF0611E7B3BDC00240528 /* TypePokemon.m in Sources */ = {isa = PBXBuildFile; fileRef = 976DF0601E7B3BDC00240528 /* TypePokemon.m */; };
		ADA7FACA1E8065890028C163 /* Gymnasium.m in Sources */ = {isa = PBXBuildFile; fileRef = ADA7FAC91E8065890028C163 /* Gymnasium.m */; };
		ADA7FACD1E80694F0028C163 /* PokemonWorld.m in Sources */ = {isa = PBXBuildFile; fileRef = ADA7FACC1E80694F0028C163 /* PokemonWorld.m */; };
		ADA7FAD11E806C7B0028C163 /* ObjectsFactory.m in Sources */ = {isa = PBXBuildFile; fileRef = ADA7FAD01E806C7B0028C163 /* ObjectsFactory.m */; };
/* End PBXBuildFile section */

/* Begin PBXCopyFilesBuildPhase section */
		976DF04A1E7B34F600240528 /* CopyFiles */ = {
			isa = PBXCopyFilesBuildPhase;
			buildActionMask = 2147483647;
			dstPath = /usr/share/man/man1/;
			dstSubfolderSpec = 0;
			files = (
			);
			runOnlyForDeploymentPostprocessing = 1;
		};
/* End PBXCopyFilesBuildPhase section */

/* Begin PBXFileReference section */
		976DF04C1E7B34F600240528 /* ChallengeOO */ = {isa = PBXFileReference; explicitFileType = "compiled.mach-o.executable"; includeInIndex = 0; path = ChallengeOO; sourceTree = BUILT_PRODUCTS_DIR; };
		976DF04F1E7B34F600240528 /* main.m */ = {isa = PBXFileReference; lastKnownFileType = sourcecode.c.objc; path = main.m; sourceTree = "<group>"; };
		976DF0561E7B358200240528 /* Pokemon.h */ = {isa = PBXFileReference; fileEncoding = 4; lastKnownFileType = sourcecode.c.h; path = Pokemon.h; sourceTree = "<group>"; };
		976DF0571E7B358200240528 /* Pokemon.m */ = {isa = PBXFileReference; fileEncoding = 4; lastKnownFileType = sourcecode.c.objc; path = Pokemon.m; sourceTree = "<group>"; };
		976DF0591E7B359200240528 /* Player.h */ = {isa = PBXFileReference; fileEncoding = 4; lastKnownFileType = sourcecode.c.h; path = Player.h; sourceTree = "<group>"; };
		976DF05A1E7B359200240528 /* Player.m */ = {isa = PBXFileReference; fileEncoding = 4; lastKnownFileType = sourcecode.c.objc; path = Player.m; sourceTree = "<group>"; };
		976DF05F1E7B3BDC00240528 /* TypePokemon.h */ = {isa = PBXFileReference; fileEncoding = 4; lastKnownFileType = sourcecode.c.h; path = TypePokemon.h; sourceTree = "<group>"; };
		976DF0601E7B3BDC00240528 /* TypePokemon.m */ = {isa = PBXFileReference; fileEncoding = 4; lastKnownFileType = sourcecode.c.objc; path = TypePokemon.m; sourceTree = "<group>"; };
		ADA7FAC81E8065890028C163 /* Gymnasium.h */ = {isa = PBXFileReference; fileEncoding = 4; lastKnownFileType = sourcecode.c.h; path = Gymnasium.h; sourceTree = "<group>"; };
		ADA7FAC91E8065890028C163 /* Gymnasium.m */ = {isa = PBXFileReference; fileEncoding = 4; lastKnownFileType = sourcecode.c.objc; path = Gymnasium.m; sourceTree = "<group>"; };
		ADA7FACB1E80694F0028C163 /* PokemonWorld.h */ = {isa = PBXFileReference; fileEncoding = 4; lastKnownFileType = sourcecode.c.h; path = PokemonWorld.h; sourceTree = "<group>"; };
		ADA7FACC1E80694F0028C163 /* PokemonWorld.m */ = {isa = PBXFileReference; fileEncoding = 4; lastKnownFileType = sourcecode.c.objc; path = PokemonWorld.m; sourceTree = "<group>"; };
		ADA7FACF1E806C7B0028C163 /* ObjectsFactory.h */ = {isa = PBXFileReference; fileEncoding = 4; lastKnownFileType = sourcecode.c.h; path = ObjectsFactory.h; sourceTree = "<group>"; };
		ADA7FAD01E806C7B0028C163 /* ObjectsFactory.m */ = {isa = PBXFileReference; fileEncoding = 4; lastKnownFileType = sourcecode.c.objc; path = ObjectsFactory.m; sourceTree = "<group>"; };
/* End PBXFileReference section */

/* Begin PBXFrameworksBuildPhase section */
		976DF0491E7B34F600240528 /* Frameworks */ = {
			isa = PBXFrameworksBuildPhase;
			buildActionMask = 2147483647;
			files = (
			);
			runOnlyForDeploymentPostprocessing = 0;
		};
/* End PBXFrameworksBuildPhase section */

/* Begin PBXGroup section */
		976DF0431E7B34F600240528 = {
			isa = PBXGroup;
			children = (
				976DF04E1E7B34F600240528 /* ChallengeOO */,
				976DF04D1E7B34F600240528 /* Products */,
			);
			sourceTree = "<group>";
		};
		976DF04D1E7B34F600240528 /* Products */ = {
			isa = PBXGroup;
			children = (
				976DF04C1E7B34F600240528 /* ChallengeOO */,
			);
			name = Products;
			sourceTree = "<group>";
		};
		976DF04E1E7B34F600240528 /* ChallengeOO */ = {
			isa = PBXGroup;
			children = (
				ADA7FACE1E806B940028C163 /* models */,
				976DF04F1E7B34F600240528 /* main.m */,
				ADA7FACF1E806C7B0028C163 /* ObjectsFactory.h */,
				ADA7FAD01E806C7B0028C163 /* ObjectsFactory.m */,
			);
			path = ChallengeOO;
			sourceTree = "<group>";
		};
		ADA7FACE1E806B940028C163 /* models */ = {
			isa = PBXGroup;
			children = (
				ADA7FACB1E80694F0028C163 /* PokemonWorld.h */,
				ADA7FACC1E80694F0028C163 /* PokemonWorld.m */,
				ADA7FAC81E8065890028C163 /* Gymnasium.h */,
				ADA7FAC91E8065890028C163 /* Gymnasium.m */,
				976DF0561E7B358200240528 /* Pokemon.h */,
				976DF0571E7B358200240528 /* Pokemon.m */,
				976DF0591E7B359200240528 /* Player.h */,
				976DF05A1E7B359200240528 /* Player.m */,
				976DF05F1E7B3BDC00240528 /* TypePokemon.h */,
				976DF0601E7B3BDC00240528 /* TypePokemon.m */,
			);
			name = models;
			sourceTree = "<group>";
		};
/* End PBXGroup section */

/* Begin PBXNativeTarget section */
		976DF04B1E7B34F600240528 /* ChallengeOO */ = {
			isa = PBXNativeTarget;
			buildConfigurationList = 976DF0531E7B34F600240528 /* Build configuration list for PBXNativeTarget "ChallengeOO" */;
			buildPhases = (
				976DF0481E7B34F600240528 /* Sources */,
				976DF0491E7B34F600240528 /* Frameworks */,
				976DF04A1E7B34F600240528 /* CopyFiles */,
			);
			buildRules = (
			);
			dependencies = (
			);
			name = ChallengeOO;
			productName = ChallengeOO;
			productReference = 976DF04C1E7B34F600240528 /* ChallengeOO */;
			productType = "com.apple.product-type.tool";
		};
/* End PBXNativeTarget section */

/* Begin PBXProject section */
		976DF0441E7B34F600240528 /* Project object */ = {
			isa = PBXProject;
			attributes = {
				LastUpgradeCheck = 0820;
				ORGANIZATIONNAME = "Isaias Fernandes";
				TargetAttributes = {
					976DF04B1E7B34F600240528 = {
						CreatedOnToolsVersion = 8.2.1;
						DevelopmentTeam = RT5RW3DL77;
						ProvisioningStyle = Automatic;
					};
				};
			};
			buildConfigurationList = 976DF0471E7B34F600240528 /* Build configuration list for PBXProject "ChallengeOO" */;
			compatibilityVersion = "Xcode 3.2";
			developmentRegion = English;
			hasScannedForEncodings = 0;
			knownRegions = (
				en,
			);
			mainGroup = 976DF0431E7B34F600240528;
			productRefGroup = 976DF04D1E7B34F600240528 /* Products */;
			projectDirPath = "";
			projectRoot = "";
			targets = (
				976DF04B1E7B34F600240528 /* ChallengeOO */,
			);
		};
/* End PBXProject section */

/* Begin PBXSourcesBuildPhase section */
		976DF0481E7B34F600240528 /* Sources */ = {
			isa = PBXSourcesBuildPhase;
			buildActionMask = 2147483647;
			files = (
				ADA7FAD11E806C7B0028C163 /* ObjectsFactory.m in Sources */,
				ADA7FACD1E80694F0028C163 /* PokemonWorld.m in Sources */,
				976DF0501E7B34F600240528 /* main.m in Sources */,
				ADA7FACA1E8065890028C163 /* Gymnasium.m in Sources */,
				976DF0611E7B3BDC00240528 /* TypePokemon.m in Sources */,
				976DF05B1E7B359200240528 /* Player.m in Sources */,
				976DF0581E7B358200240528 /* Pokemon.m in Sources */,
			);
			runOnlyForDeploymentPostprocessing = 0;
		};
/* End PBXSourcesBuildPhase section */

/* Begin XCBuildConfiguration section */
		976DF0511E7B34F600240528 /* Debug */ = {
			isa = XCBuildConfiguration;
			buildSettings = {
				ALWAYS_SEARCH_USER_PATHS = NO;
				CLANG_ANALYZER_NONNULL = YES;
				CLANG_CXX_LANGUAGE_STANDARD = "gnu++0x";
				CLANG_CXX_LIBRARY = "libc++";
				CLANG_ENABLE_MODULES = YES;
				CLANG_ENABLE_OBJC_ARC = YES;
				CLANG_WARN_BOOL_CONVERSION = YES;
				CLANG_WARN_CONSTANT_CONVERSION = YES;
				CLANG_WARN_DIRECT_OBJC_ISA_USAGE = YES_ERROR;
				CLANG_WARN_DOCUMENTATION_COMMENTS = YES;
				CLANG_WARN_EMPTY_BODY = YES;
				CLANG_WARN_ENUM_CONVERSION = YES;
				CLANG_WARN_INFINITE_RECURSION = YES;
				CLANG_WARN_INT_CONVERSION = YES;
				CLANG_WARN_OBJC_ROOT_CLASS = YES_ERROR;
				CLANG_WARN_SUSPICIOUS_MOVE = YES;
				CLANG_WARN_UNREACHABLE_CODE = YES;
				CLANG_WARN__DUPLICATE_METHOD_MATCH = YES;
				CODE_SIGN_IDENTITY = "-";
				COPY_PHASE_STRIP = NO;
				DEBUG_INFORMATION_FORMAT = dwarf;
				ENABLE_STRICT_OBJC_MSGSEND = YES;
				ENABLE_TESTABILITY = YES;
				GCC_C_LANGUAGE_STANDARD = gnu99;
				GCC_DYNAMIC_NO_PIC = NO;
				GCC_NO_COMMON_BLOCKS = YES;
				GCC_OPTIMIZATION_LEVEL = 0;
				GCC_PREPROCESSOR_DEFINITIONS = (
					"DEBUG=1",
					"$(inherited)",
				);
				GCC_WARN_64_TO_32_BIT_CONVERSION = YES;
				GCC_WARN_ABOUT_RETURN_TYPE = YES_ERROR;
				GCC_WARN_UNDECLARED_SELECTOR = YES;
				GCC_WARN_UNINITIALIZED_AUTOS = YES_AGGRESSIVE;
				GCC_WARN_UNUSED_FUNCTION = YES;
				GCC_WARN_UNUSED_VARIABLE = YES;
				MACOSX_DEPLOYMENT_TARGET = 10.12;
				MTL_ENABLE_DEBUG_INFO = YES;
				ONLY_ACTIVE_ARCH = YES;
				SDKROOT = macosx;
			};
			name = Debug;
		};
		976DF0521E7B34F600240528 /* Release */ = {
			isa = XCBuildConfiguration;
			buildSettings = {
				ALWAYS_SEARCH_USER_PATHS = NO;
				CLANG_ANALYZER_NONNULL = YES;
				CLANG_CXX_LANGUAGE_STANDARD = "gnu++0x";
				CLANG_CXX_LIBRARY = "libc++";
				CLANG_ENABLE_MODULES = YES;
				CLANG_ENABLE_OBJC_ARC = YES;
				CLANG_WARN_BOOL_CONVERSION = YES;
				CLANG_WARN_CONSTANT_CONVERSION = YES;
				CLANG_WARN_DIRECT_OBJC_ISA_USAGE = YES_ERROR;
				CLANG_WARN_DOCUMENTATION_COMMENTS = YES;
				CLANG_WARN_EMPTY_BODY = YES;
				CLANG_WARN_ENUM_CONVERSION = YES;
				CLANG_WARN_INFINITE_RECURSION = YES;
				CLANG_WARN_INT_CONVERSION = YES;
				CLANG_WARN_OBJC_ROOT_CLASS = YES_ERROR;
				CLANG_WARN_SUSPICIOUS_MOVE = YES;
				CLANG_WARN_UNREACHABLE_CODE = YES;
				CLANG_WARN__DUPLICATE_METHOD_MATCH = YES;
				CODE_SIGN_IDENTITY = "-";
				COPY_PHASE_STRIP = NO;
				DEBUG_INFORMATION_FORMAT = "dwarf-with-dsym";
				ENABLE_NS_ASSERTIONS = NO;
				ENABLE_STRICT_OBJC_MSGSEND = YES;
				GCC_C_LANGUAGE_STANDARD = gnu99;
				GCC_NO_COMMON_BLOCKS = YES;
				GCC_WARN_64_TO_32_BIT_CONVERSION = YES;
				GCC_WARN_ABOUT_RETURN_TYPE = YES_ERROR;
				GCC_WARN_UNDECLARED_SELECTOR = YES;
				GCC_WARN_UNINITIALIZED_AUTOS = YES_AGGRESSIVE;
				GCC_WARN_UNUSED_FUNCTION = YES;
				GCC_WARN_UNUSED_VARIABLE = YES;
				MACOSX_DEPLOYMENT_TARGET = 10.12;
				MTL_ENABLE_DEBUG_INFO = NO;
				SDKROOT = macosx;
			};
			name = Release;
		};
		976DF0541E7B34F600240528 /* Debug */ = {
			isa = XCBuildConfiguration;
			buildSettings = {
				DEVELOPMENT_TEAM = RT5RW3DL77;
				PRODUCT_NAME = "$(TARGET_NAME)";
			};
			name = Debug;
		};
		976DF0551E7B34F600240528 /* Release */ = {
			isa = XCBuildConfiguration;
			buildSettings = {
				DEVELOPMENT_TEAM = RT5RW3DL77;
				PRODUCT_NAME = "$(TARGET_NAME)";
			};
			name = Release;
		};
/* End XCBuildConfiguration section */

/* Begin XCConfigurationList section */
		976DF0471E7B34F600240528 /* Build configuration list for PBXProject "ChallengeOO" */ = {
			isa = XCConfigurationList;
			buildConfigurations = (
				976DF0511E7B34F600240528 /* Debug */,
				976DF0521E7B34F600240528 /* Release */,
			);
			defaultConfigurationIsVisible = 0;
			defaultConfigurationName = Release;
		};
		976DF0531E7B34F600240528 /* Build configuration list for PBXNativeTarget "ChallengeOO" */ = {
			isa = XCConfigurationList;
			buildConfigurations = (
				976DF0541E7B34F600240528 /* Debug */,
				976DF0551E7B34F600240528 /* Release */,
			);
			defaultConfigurationIsVisible = 0;
			defaultConfigurationName = Release;
		};
/* End XCConfigurationList section */
	};
	rootObject = 976DF0441E7B34F600240528 /* Project object */;
}
